<?xml version="1.0" encoding="utf-8"?>
<Project ToolsVersion="4.0" xmlns="http://schemas.microsoft.com/developer/msbuild/2003">
  <ItemGroup>
    <Filter Include="Archivos de origen">
      <UniqueIdentifier>{4FC737F1-C7A5-4376-A066-2A32D752A2FF}</UniqueIdentifier>
      <Extensions>cpp;c;cc;cxx;def;odl;idl;hpj;bat;asm;asmx</Extensions>
    </Filter>
    <Filter Include="Archivos de recursos">
      <UniqueIdentifier>{67DA6AB6-F800-4c08-8B7A-83BB121AAD01}</UniqueIdentifier>
      <Extensions>rc;ico;cur;bmp;dlg;rc2;rct;bin;rgs;gif;jpg;jpeg;jpe;resx;tiff;tif;png;wav;mfcribbon-ms</Extensions>
    </Filter>
    <Filter Include="Archivos de recursos\Shaders">
      <UniqueIdentifier>{07a2f855-11b9-4f2f-a302-1e2feae8a66e}</UniqueIdentifier>
    </Filter>
    <Filter Include="ImGui">
      <UniqueIdentifier>{d388619d-1de3-48e7-8a1f-e54d23d041f4}</UniqueIdentifier>
    </Filter>
    <Filter Include="Api">
      <UniqueIdentifier>{2c6052a3-1c20-4fdd-a760-69ed4afb2d7e}</UniqueIdentifier>
    </Filter>
    <Filter Include="Api\components">
      <UniqueIdentifier>{a8a9ef8b-ed54-4d1e-b961-64c116817608}</UniqueIdentifier>
    </Filter>
    <Filter Include="Archivos de origen\Archivos de encabezado">
      <UniqueIdentifier>{93995380-89BD-4b04-88EB-625FBE52EBFB}</UniqueIdentifier>
      <Extensions>h;hh;hpp;hxx;hm;inl;inc;ipp;xsd</Extensions>
    </Filter>
    <Filter Include="Api\particle">
      <UniqueIdentifier>{1fca94b7-2e15-46ed-9713-3de519808d0e}</UniqueIdentifier>
    </Filter>
    <Filter Include="Api\particle\shader">
      <UniqueIdentifier>{3160f094-a453-4ab6-b503-c076e4ba9cda}</UniqueIdentifier>
    </Filter>
    <Filter Include="Api\model">
      <UniqueIdentifier>{70673c15-e613-4d3e-836d-fdfa53a8531d}</UniqueIdentifier>
    </Filter>
  </ItemGroup>
  <ItemGroup>
    <ClCompile Include="main.cpp">
      <Filter>Archivos de origen</Filter>
    </ClCompile>
    <ClCompile Include="glad.c">
      <Filter>Archivos de origen</Filter>
    </ClCompile>
    <ClCompile Include="Shader.cpp">
      <Filter>Archivos de origen</Filter>
    </ClCompile>
    <ClCompile Include="stb_image.cpp">
      <Filter>Archivos de origen</Filter>
    </ClCompile>
    <ClCompile Include="lib\ImGui\imgui_draw.cpp">
      <Filter>ImGui</Filter>
    </ClCompile>
    <ClCompile Include="lib\ImGui\imgui_impl_glfw.cpp">
      <Filter>ImGui</Filter>
    </ClCompile>
    <ClCompile Include="lib\ImGui\imgui_impl_opengl3.cpp">
      <Filter>ImGui</Filter>
    </ClCompile>
    <ClCompile Include="lib\ImGui\imgui_widgets.cpp">
      <Filter>ImGui</Filter>
    </ClCompile>
    <ClCompile Include="lib\ImGui\imgui.cpp">
      <Filter>ImGui</Filter>
    </ClCompile>
    <ClCompile Include="lib\ImGui\imgui_demo.cpp">
      <Filter>ImGui</Filter>
    </ClCompile>
    <ClCompile Include="Api\RYGraphics.cpp">
      <Filter>Api</Filter>
    </ClCompile>
    <ClCompile Include="Api\components\camera.cpp">
      <Filter>Api\components</Filter>
    </ClCompile>
    <ClCompile Include="Api\particle\particle.cpp">
      <Filter>Api\particle</Filter>
    </ClCompile>
    <ClCompile Include="Api\particle\particleSystem.cpp">
      <Filter>Api\particle</Filter>
    </ClCompile>
    <ClCompile Include="Api\model\Mesh.cpp">
      <Filter>Api\model</Filter>
    </ClCompile>
    <ClCompile Include="Api\model\Obj.cpp">
      <Filter>Api\model</Filter>
    </ClCompile>
  </ItemGroup>
  <ItemGroup>
    <ClInclude Include="Shader.h">
      <Filter>Archivos de origen\Archivos de encabezado</Filter>
    </ClInclude>
    <ClInclude Include="lib\ImGui\imgui_impl_glfw.h">
      <Filter>ImGui</Filter>
    </ClInclude>
    <ClInclude Include="lib\ImGui\imgui_impl_opengl3.h">
      <Filter>ImGui</Filter>
    </ClInclude>
    <ClInclude Include="lib\ImGui\imgui_internal.h">
      <Filter>ImGui</Filter>
    </ClInclude>
    <ClInclude Include="lib\ImGui\imstb_rectpack.h">
      <Filter>ImGui</Filter>
    </ClInclude>
    <ClInclude Include="lib\ImGui\imstb_textedit.h">
      <Filter>ImGui</Filter>
    </ClInclude>
    <ClInclude Include="lib\ImGui\imstb_truetype.h">
      <Filter>ImGui</Filter>
    </ClInclude>
    <ClInclude Include="lib\ImGui\imconfig.h">
      <Filter>ImGui</Filter>
    </ClInclude>
    <ClInclude Include="lib\ImGui\imgui.h">
      <Filter>ImGui</Filter>
    </ClInclude>
    <ClInclude Include="Api\RYDefine.h">
      <Filter>Api</Filter>
    </ClInclude>
    <ClInclude Include="Api\RYGraphics.h">
      <Filter>Api</Filter>
    </ClInclude>
    <ClInclude Include="Api\components\camera.h">
      <Filter>Api\components</Filter>
    </ClInclude>
    <ClInclude Include="Api\particle\particle.h">
      <Filter>Api\particle</Filter>
    </ClInclude>
    <ClInclude Include="Api\particle\particleSystem.h">
      <Filter>Api\particle</Filter>
    </ClInclude>
    <ClInclude Include="Api\components\loadTexture.h">
      <Filter>Api\components</Filter>
    </ClInclude>
    <ClInclude Include="Api\model\Mesh.h">
      <Filter>Api\model</Filter>
    </ClInclude>
    <ClInclude Include="Api\model\Obj.h">
      <Filter>Api\model</Filter>
    </ClInclude>
  </ItemGroup>
  <ItemGroup>
    <None Include="assets\shaders\basic.frag">
      <Filter>Archivos de recursos\Shaders</Filter>
    </None>
    <None Include="assets\shaders\basic.vert">
      <Filter>Archivos de recursos\Shaders</Filter>
    </None>
    <None Include="assets\shaders\stereo.frag">
      <Filter>Archivos de recursos\Shaders</Filter>
    </None>
    <None Include="assets\shaders\stereo.vert">
      <Filter>Archivos de recursos\Shaders</Filter>
    </None>
    <None Include="Api\particle\shader\particle.frag">
      <Filter>Api\particle\shader</Filter>
    </None>
    <None Include="Api\particle\shader\particle.vert">
      <Filter>Api\particle\shader</Filter>
    </None>
  </ItemGroup>
</Project>